hash: 06d2ef601219fa2a333c851a51b4cca8490046658904b32446dbafaa16d3d024
updated: 2019-06-06T18:29:55.621797+09:00
imports:
- name: github.com/fukata/golang-stats-api-handler
  version: 90f0b59102629831cc109845475a8d77043412ec
- name: github.com/go-sql-driver/mysql
  version: 877a9775f06853f611fb2d4e817d92479242d1cd
- name: github.com/gorilla/mux
  version: ed099d42384823742bba0bf9a72b53b55c9e2e38
- name: github.com/jessevdk/go-assets
  version: 4f4301a06e153ff90e17793577ab6bf79f8dc5c5
- name: github.com/lestrrat/go-server-starter
  version: 6ac0b358431b798d3db8933ef547464e4ce74d9d
  subpackages:
  - listener
- name: github.com/paulbellamy/ratecounter
  version: a803f0e4f07116687bb30965e8f7d0c32981b63c
- name: github.com/rs/xid
  version: 02dd45c33376f85d1064355dc790dcc4850596b1
- name: github.com/rs/zerolog
  version: acf3980132bfcdc48638724e6e3d9e5749b85999
  subpackages:
  - hlog
  - internal/cbor
  - internal/json
  - log
- name: github.com/zenazn/goji
  version: c05078ca81941f8e801bba3ddc0e6b86b7fdc893
  subpackages:
  - web/mutil
testImports:
- name: github.com/golang/mock
  version: 51421b967af1f557f93a59e0057aaf15ca02e29c
  subpackages:
  - gomock
- name: github.com/phayes/freeport
  version: 95f893ade6f232a5f1511d61735d89b1ae2df543
